<?xml version="1.0" encoding="utf-8"?>
<Project ToolsVersion="4.0" xmlns="http://schemas.microsoft.com/developer/msbuild/2003">
  <ItemGroup>
    <Filter Include="Source Files">
      <UniqueIdentifier>{4FC737F1-C7A5-4376-A066-2A32D752A2FF}</UniqueIdentifier>
      <Extensions>cpp;c;cc;cxx;def;odl;idl;hpj;bat;asm;asmx</Extensions>
    </Filter>
    <Filter Include="Header Files">
      <UniqueIdentifier>{93995380-89BD-4b04-88EB-625FBE52EBFB}</UniqueIdentifier>
      <Extensions>h;hh;hpp;hxx;hm;inl;inc;xsd</Extensions>
    </Filter>
    <Filter Include="Resource Files">
      <UniqueIdentifier>{67DA6AB6-F800-4c08-8B7A-83BB121AAD01}</UniqueIdentifier>
      <Extensions>rc;ico;cur;bmp;dlg;rc2;rct;bin;rgs;gif;jpg;jpeg;jpe;resx;tiff;tif;png;wav;mfcribbon-ms</Extensions>
    </Filter>
    <Filter Include="Source Files\Libraries">
      <UniqueIdentifier>{1f9f9cd3-a625-4f69-b1a2-e66560db2504}</UniqueIdentifier>
    </Filter>
    <Filter Include="Header Files\Libraries">
      <UniqueIdentifier>{c7852faf-51b4-4c84-a47e-372de582415e}</UniqueIdentifier>
    </Filter>
    <Filter Include="Header Files\Configs">
      <UniqueIdentifier>{0c6bf493-0490-4beb-ae50-bebfa4f7565b}</UniqueIdentifier>
    </Filter>
    <Filter Include="Resource Files\Libraries">
      <UniqueIdentifier>{c86a2b88-4906-4fc2-95a0-117c0e734363}</UniqueIdentifier>
    </Filter>
  </ItemGroup>
  <ItemGroup>
    <ClCompile Include="src\CLuaCommandEnv.cpp">
      <Filter>Source Files</Filter>
    </ClCompile>
    <ClCompile Include="src\JHCEdit.cpp">
      <Filter>Source Files</Filter>
    </ClCompile>
    <ClCompile Include="src\JHCLua.cpp">
      <Filter>Source Files</Filter>
    </ClCompile>
    <ClCompile Include="src\MainFrm.cpp">
      <Filter>Source Files</Filter>
    </ClCompile>
    <ClCompile Include="src\stdafx.cpp">
      <Filter>Source Files</Filter>
    </ClCompile>
    <ClCompile Include="src\Winsh.cpp">
      <Filter>Source Files</Filter>
    </ClCompile>
    <ClCompile Include="src\Libraries\bitfield.cpp">
      <Filter>Source Files\Libraries</Filter>
    </ClCompile>
    <ClCompile Include="src\Libraries\LibClass.cpp">
      <Filter>Source Files\Libraries</Filter>
    </ClCompile>
    <ClCompile Include="src\Libraries\LibGC.cpp">
      <Filter>Source Files\Libraries</Filter>
    </ClCompile>
    <ClCompile Include="src\Libraries\LibRegistry.cpp">
      <Filter>Source Files\Libraries</Filter>
    </ClCompile>
    <ClCompile Include="src\Libraries\LibShell.cpp">
      <Filter>Source Files\Libraries</Filter>
    </ClCompile>
    <ClCompile Include="src\Libraries\LibTask.cpp">
      <Filter>Source Files\Libraries</Filter>
    </ClCompile>
    <ClCompile Include="src\Libraries\LibTime.cpp">
      <Filter>Source Files\Libraries</Filter>
    </ClCompile>
    <ClCompile Include="src\Libraries\LibTimer.cpp">
      <Filter>Source Files\Libraries</Filter>
    </ClCompile>
    <ClCompile Include="src\Libraries\LibComLink.cpp">
      <Filter>Source Files\Libraries</Filter>
    </ClCompile>
  </ItemGroup>
  <ItemGroup>
    <ClInclude Include="src\Libraries\bitfield.h">
      <Filter>Header Files\Libraries</Filter>
    </ClInclude>
    <ClInclude Include="src\Libraries\LibClass.h">
      <Filter>Header Files\Libraries</Filter>
    </ClInclude>
    <ClInclude Include="src\Libraries\LibGC.h">
      <Filter>Header Files\Libraries</Filter>
    </ClInclude>
    <ClInclude Include="src\Libraries\LibRegistry.h">
      <Filter>Header Files\Libraries</Filter>
    </ClInclude>
    <ClInclude Include="src\Libraries\LibShell.h">
      <Filter>Header Files\Libraries</Filter>
    </ClInclude>
    <ClInclude Include="src\Libraries\LibTask.h">
      <Filter>Header Files\Libraries</Filter>
    </ClInclude>
    <ClInclude Include="src\Libraries\LibTime.h">
      <Filter>Header Files\Libraries</Filter>
    </ClInclude>
    <ClInclude Include="src\Libraries\LibTimer.h">
      <Filter>Header Files\Libraries</Filter>
    </ClInclude>
    <ClInclude Include="src\Libraries\stdafx.h">
      <Filter>Header Files\Libraries</Filter>
    </ClInclude>
    <ClInclude Include="src\Configs\Config-Maximum.h">
      <Filter>Header Files\Configs</Filter>
    </ClInclude>
    <ClInclude Include="src\Configs\Config-Standard.h">
      <Filter>Header Files\Configs</Filter>
    </ClInclude>
    <ClInclude Include="src\CLuaCommandEnv.h">
      <Filter>Header Files</Filter>
    </ClInclude>
    <ClInclude Include="src\CNameDlg.h">
      <Filter>Header Files</Filter>
    </ClInclude>
    <ClInclude Include="src\Configuration.h">
      <Filter>Header Files</Filter>
    </ClInclude>
    <ClInclude Include="src\JHCCMenu.h">
      <Filter>Header Files</Filter>
    </ClInclude>
    <ClInclude Include="src\JHCDropFiles.h">
      <Filter>Header Files</Filter>
    </ClInclude>
    <ClInclude Include="src\JHCEdit.h">
      <Filter>Header Files</Filter>
    </ClInclude>
    <ClInclude Include="src\JHCGUIThread.h">
      <Filter>Header Files</Filter>
    </ClInclude>
    <ClInclude Include="src\JHCLua.h">
      <Filter>Header Files</Filter>
    </ClInclude>
    <ClInclude Include="src\JHCMsgTrap.h">
      <Filter>Header Files</Filter>
    </ClInclude>
    <ClInclude Include="src\JHCMultiPaneStatusBar.h">
      <Filter>Header Files</Filter>
    </ClInclude>
    <ClInclude Include="src\JHCNotifyIcon.h">
      <Filter>Header Files</Filter>
    </ClInclude>
    <ClInclude Include="src\JHCPathString.h">
      <Filter>Header Files</Filter>
    </ClInclude>
    <ClInclude Include="src\JHCRect.h">
      <Filter>Header Files</Filter>
    </ClInclude>
    <ClInclude Include="src\LuaLibIF.h">
      <Filter>Header Files</Filter>
    </ClInclude>
    <ClInclude Include="src\MainFrm.h">
      <Filter>Header Files</Filter>
    </ClInclude>
    <ClInclude Include="src\resource.h">
      <Filter>Header Files</Filter>
    </ClInclude>
    <ClInclude Include="src\stdafx.h">
      <Filter>Header Files</Filter>
    </ClInclude>
    <ClInclude Include="src\Winsh.h">
      <Filter>Header Files</Filter>
    </ClInclude>
    <ClInclude Include="src\WinshLua.h">
      <Filter>Header Files</Filter>
    </ClInclude>
    <ClInclude Include="src\WriteFrm.h">
      <Filter>Header Files</Filter>
    </ClInclude>
    <ClInclude Include="src\Libraries\LibComLink.h">
      <Filter>Header Files\Libraries</Filter>
    </ClInclude>
  </ItemGroup>
  <ItemGroup>
    <None Include="src\Libraries\LibClass.lua">
      <Filter>Resource Files\Libraries</Filter>
    </None>
    <None Include="src\Libraries\LibGC.lua">
      <Filter>Resource Files\Libraries</Filter>
    </None>
    <None Include="src\Libraries\LibRegistry.lua">
      <Filter>Resource Files\Libraries</Filter>
    </None>
    <None Include="src\Libraries\LibShell.lua">
      <Filter>Resource Files\Libraries</Filter>
    </None>
    <None Include="src\Libraries\LibTask.lua">
      <Filter>Resource Files\Libraries</Filter>
    </None>
    <None Include="res\init.lua">
      <Filter>Resource Files</Filter>
    </None>
    <None Include="res\init-cmd.lua">
      <Filter>Resource Files</Filter>
    </None>
  </ItemGroup>
  <ItemGroup>
    <ResourceCompile Include="src\Winsh.rc">
      <Filter>Source Files</Filter>
    </ResourceCompile>
  </ItemGroup>
  <ItemGroup>
    <Image Include="res\copy.ico">
      <Filter>Resource Files</Filter>
    </Image>
    <Image Include="res\cut.ico">
      <Filter>Resource Files</Filter>
    </Image>
    <Image Include="res\delete.ico">
      <Filter>Resource Files</Filter>
    </Image>
    <Image Include="res\help.ico">
      <Filter>Resource Files</Filter>
    </Image>
    <Image Include="res\key.ico">
      <Filter>Resource Files</Filter>
    </Image>
    <Image Include="res\lock.ico">
      <Filter>Resource Files</Filter>
    </Image>
    <Image Include="res\lock48.ico">
      <Filter>Resource Files</Filter>
    </Image>
    <Image Include="res\lua-std.ico">
      <Filter>Resource Files</Filter>
    </Image>
    <Image Include="res\paste.ico">
      <Filter>Resource Files</Filter>
    </Image>
    <Image Include="res\safe.ico">
      <Filter>Resource Files</Filter>
    </Image>
    <Image Include="res\undo.ico">
      <Filter>Resource Files</Filter>
    </Image>
  </ItemGroup>
</Project>