<?xml version="1.0" encoding="utf-8"?>
<Project ToolsVersion="4.0" xmlns="http://schemas.microsoft.com/developer/msbuild/2003">
  <ItemGroup>
    <Filter Include="Source Files">
      <UniqueIdentifier>{35816fed-74cd-4fec-89aa-3410d75e9bf1}</UniqueIdentifier>
      <Extensions>cpp;c;cxx;def;odl;idl;hpj;bat;asm</Extensions>
    </Filter>
    <Filter Include="Source Files\Libraries">
      <UniqueIdentifier>{6be7e141-627f-46c1-bdd0-fa90a7da8944}</UniqueIdentifier>
    </Filter>
    <Filter Include="Header Files">
      <UniqueIdentifier>{0ead14ea-8462-47b2-8347-4faaa352e2b2}</UniqueIdentifier>
      <Extensions>h;hpp;hxx;hm;inl;inc</Extensions>
    </Filter>
    <Filter Include="Header Files\Libraries">
      <UniqueIdentifier>{0f2d14a3-7ea6-4deb-8c8d-13c3c3c01cce}</UniqueIdentifier>
    </Filter>
    <Filter Include="Header Files\Configs">
      <UniqueIdentifier>{bd6b872c-3d31-464d-acc6-c6ec881e267c}</UniqueIdentifier>
    </Filter>
    <Filter Include="Header Files\Resource Files">
      <UniqueIdentifier>{eaebc460-4a50-4979-8deb-488324316370}</UniqueIdentifier>
      <Extensions>rc;ico;cur;bmp;dlg;rc2;rct;bin;rgs;jpg;jpeg;jpe;manifest</Extensions>
    </Filter>
    <Filter Include="Header Files\Resource Files\Libraries">
      <UniqueIdentifier>{70f69f7d-1583-4feb-b6d3-461bf69f3583}</UniqueIdentifier>
    </Filter>
  </ItemGroup>
  <ItemGroup>
    <ClCompile Include="MainFrm.cpp">
      <Filter>Source Files</Filter>
    </ClCompile>
    <ClCompile Include="stdafx.cpp">
      <Filter>Source Files</Filter>
    </ClCompile>
    <ClCompile Include="Libraries\CommBaseC.cpp">
      <Filter>Source Files\Libraries</Filter>
    </ClCompile>
    <ClCompile Include="Libraries\LibGC.cpp">
      <Filter>Source Files\Libraries</Filter>
    </ClCompile>
    <ClCompile Include="Libraries\LibShell.cpp">
      <Filter>Source Files\Libraries</Filter>
    </ClCompile>
    <ClCompile Include="Libraries\LibTask.cpp">
      <Filter>Source Files\Libraries</Filter>
    </ClCompile>
    <ClCompile Include="Libraries\LibTime.cpp">
      <Filter>Source Files\Libraries</Filter>
    </ClCompile>
    <ClCompile Include="Libraries\LuaJHcomlib.cpp">
      <Filter>Source Files\Libraries</Filter>
    </ClCompile>
    <ClCompile Include="JHCEdit.cpp">
      <Filter>Source Files</Filter>
    </ClCompile>
    <ClCompile Include="JHCLua.cpp">
      <Filter>Source Files</Filter>
    </ClCompile>
    <ClCompile Include="CLuaCommandEnv.cpp">
      <Filter>Source Files</Filter>
    </ClCompile>
    <ClCompile Include="Libraries\LibRegistry.cpp">
      <Filter>Source Files\Libraries</Filter>
    </ClCompile>
    <ClCompile Include="Libraries\LibClass.cpp">
      <Filter>Source Files\Libraries</Filter>
    </ClCompile>
    <ClCompile Include="Libraries\bitfield.cpp">
      <Filter>Source Files\Libraries</Filter>
    </ClCompile>
    <ClCompile Include="Libraries\LibTimer.cpp">
      <Filter>Source Files\Libraries</Filter>
    </ClCompile>
    <ClCompile Include="Winsh.cpp">
      <Filter>Source Files</Filter>
    </ClCompile>
  </ItemGroup>
  <ItemGroup>
    <ClInclude Include="Configuration.h">
      <Filter>Header Files</Filter>
    </ClInclude>
    <ClInclude Include="JHCEdit.h">
      <Filter>Header Files</Filter>
    </ClInclude>
    <ClInclude Include="LuaLibIF.h">
      <Filter>Header Files</Filter>
    </ClInclude>
    <ClInclude Include="MainFrm.h">
      <Filter>Header Files</Filter>
    </ClInclude>
    <ClInclude Include="resource.h">
      <Filter>Header Files</Filter>
    </ClInclude>
    <ClInclude Include="stdafx.h">
      <Filter>Header Files</Filter>
    </ClInclude>
    <ClInclude Include="WriteFrm.h">
      <Filter>Header Files</Filter>
    </ClInclude>
    <ClInclude Include="Libraries\CommBaseC.h">
      <Filter>Header Files\Libraries</Filter>
    </ClInclude>
    <ClInclude Include="Libraries\LibGC.h">
      <Filter>Header Files\Libraries</Filter>
    </ClInclude>
    <ClInclude Include="Libraries\LibShell.h">
      <Filter>Header Files\Libraries</Filter>
    </ClInclude>
    <ClInclude Include="Libraries\LibTask.h">
      <Filter>Header Files\Libraries</Filter>
    </ClInclude>
    <ClInclude Include="Libraries\LibTime.h">
      <Filter>Header Files\Libraries</Filter>
    </ClInclude>
    <ClInclude Include="Libraries\LuaJHcomlib.h">
      <Filter>Header Files\Libraries</Filter>
    </ClInclude>
    <ClInclude Include="Libraries\stdafx.h">
      <Filter>Source Files\Libraries</Filter>
    </ClInclude>
    <ClInclude Include="CNameDlg.h">
      <Filter>Header Files</Filter>
    </ClInclude>
    <ClInclude Include="JHCPathString.h">
      <Filter>Header Files</Filter>
    </ClInclude>
    <ClInclude Include="JHCCMenu.h">
      <Filter>Header Files</Filter>
    </ClInclude>
    <ClInclude Include="JHCDropFiles.h">
      <Filter>Header Files</Filter>
    </ClInclude>
    <ClInclude Include="JHCGUIThread.h">
      <Filter>Header Files</Filter>
    </ClInclude>
    <ClInclude Include="JHCNotifyIcon.h">
      <Filter>Header Files</Filter>
    </ClInclude>
    <ClInclude Include="JHCLua.h">
      <Filter>Header Files</Filter>
    </ClInclude>
    <ClInclude Include="CLuaCommandEnv.h">
      <Filter>Header Files</Filter>
    </ClInclude>
    <ClInclude Include="JHCMsgTrap.h">
      <Filter>Header Files</Filter>
    </ClInclude>
    <ClInclude Include="Libraries\LibRegistry.h">
      <Filter>Header Files\Libraries</Filter>
    </ClInclude>
    <ClInclude Include="Libraries\LibClass.h">
      <Filter>Header Files\Libraries</Filter>
    </ClInclude>
    <ClInclude Include="Libraries\bitfield.h">
      <Filter>Header Files\Libraries</Filter>
    </ClInclude>
    <ClInclude Include="Libraries\LibTimer.h">
      <Filter>Header Files\Libraries</Filter>
    </ClInclude>
    <ClInclude Include="Configs\Config-Standard.h">
      <Filter>Header Files\Configs</Filter>
    </ClInclude>
    <ClInclude Include="Configs\Config-Maximum.h">
      <Filter>Header Files\Configs</Filter>
    </ClInclude>
    <ClInclude Include="JHCMultiPaneStatusBar.h">
      <Filter>Header Files</Filter>
    </ClInclude>
    <ClInclude Include="JHCRect.h">
      <Filter>Header Files</Filter>
    </ClInclude>
  </ItemGroup>
  <ItemGroup>
    <None Include="res\init-cmd.lua">
      <Filter>Header Files\Resource Files</Filter>
    </None>
    <None Include="res\init.lua">
      <Filter>Header Files\Resource Files</Filter>
    </None>
    <None Include="res\lock.ico">
      <Filter>Header Files\Resource Files</Filter>
    </None>
    <None Include="res\lua-std.ico">
      <Filter>Header Files\Resource Files</Filter>
    </None>
    <None Include="Libraries\LibGC.lua">
      <Filter>Header Files\Resource Files\Libraries</Filter>
    </None>
    <None Include="Libraries\LibShell.lua">
      <Filter>Header Files\Resource Files\Libraries</Filter>
    </None>
    <None Include="res\key.ico">
      <Filter>Header Files\Resource Files</Filter>
    </None>
    <None Include="res\safe.ico">
      <Filter>Header Files\Resource Files</Filter>
    </None>
    <None Include="C:\Users\John\Desktop\VS2010ImageLibrary\Actions\ico_format\WinVista\cut.ico">
      <Filter>Header Files\Resource Files</Filter>
    </None>
    <None Include="res\delete.ico">
      <Filter>Header Files\Resource Files</Filter>
    </None>
    <None Include="res\copy.ico">
      <Filter>Header Files\Resource Files</Filter>
    </None>
    <None Include="res\paste.ico">
      <Filter>Header Files\Resource Files</Filter>
    </None>
    <None Include="res\undo.ico">
      <Filter>Header Files\Resource Files</Filter>
    </None>
    <None Include="res\help.ico">
      <Filter>Header Files\Resource Files</Filter>
    </None>
    <None Include="C:\Users\johnh_000\Desktop\lock_48.ico">
      <Filter>Header Files\Resource Files</Filter>
    </None>
    <None Include="res\icon2.ico">
      <Filter>Header Files\Resource Files</Filter>
    </None>
    <None Include="Libraries\LibTask.lua">
      <Filter>Header Files\Resource Files\Libraries</Filter>
    </None>
    <None Include="Libraries\LibClass.lua">
      <Filter>Header Files\Resource Files\Libraries</Filter>
    </None>
    <None Include="res\lock48.ico">
      <Filter>Header Files\Resource Files</Filter>
    </None>
    <None Include="res\cut.ico">
      <Filter>Header Files</Filter>
    </None>
    <None Include="Libraries\LibRegistry.lua">
      <Filter>Header Files\Resource Files\Libraries</Filter>
    </None>
  </ItemGroup>
  <ItemGroup>
    <ResourceCompile Include="Winsh.rc">
      <Filter>Header Files\Resource Files</Filter>
    </ResourceCompile>
  </ItemGroup>
</Project>